{
  "name": "15-final",
  "version": "0.1.0",
  "lockfileVersion": 3,
  "requires": true,
  "packages": {
    "": {
      "name": "15-final",
      "version": "0.1.0",
      "dependencies": {
        "@heroicons/react": "^2.0.18",
        "@tailwindcss/forms": "^0.5.6",
        "@types/node": "20.5.7",
        "@types/react": "18.2.21",
        "@types/react-dom": "18.2.7",
        "@vercel/postgres": "^0.4.1",
        "autoprefixer": "10.4.15",
        "bcrypt": "^5.1.1",
        "clsx": "^2.0.0",
        "next": "13.4.19",
        "next-auth": "^4.23.1",
        "postcss": "8.4.28",
        "react": "18.2.0",
        "react-dom": "18.2.0",
        "tailwindcss": "3.3.3",
        "typescript": "5.2.2"
      },
      "devDependencies": {
        "@types/bcrypt": "^5.0.0",
        "dotenv": "^16.3.1"
      },
      "engines": {
        "node": ">=18"
      }
    },
    "../../node_modules/.pnpm/@heroicons+react@2.0.18_react@18.2.0/node_modules/@heroicons/react": {
      "version": "2.0.18",
      "license": "MIT",
      "peerDependencies": {
        "react": ">= 16"
      }
    },
    "../../node_modules/.pnpm/@tailwindcss+forms@0.5.6_tailwindcss@3.3.3/node_modules/@tailwindcss/forms": {
      "version": "0.5.6",
      "license": "MIT",
      "dependencies": {
        "mini-svg-data-uri": "^1.2.3"
      },
      "devDependencies": {
        "autoprefixer": "^10.4.6",
        "concurrently": "^5.3.0",
        "live-server": "^1.2.2",
        "postcss": "^8.4.13",
        "tailwindcss": "^3.0.24"
      },
      "peerDependencies": {
        "tailwindcss": ">=3.0.0 || >= 3.0.0-alpha.1"
      }
    },
    "../../node_modules/.pnpm/@types+bcrypt@5.0.0/node_modules/@types/bcrypt": {
      "version": "5.0.0",
      "dev": true,
      "license": "MIT",
      "dependencies": {
        "@types/node": "*"
      }
    },
    "../../node_modules/.pnpm/@types+node@20.5.7/node_modules/@types/node": {
      "version": "20.5.7",
      "license": "MIT"
    },
    "../../node_modules/.pnpm/@types+react-dom@18.2.7/node_modules/@types/react-dom": {
      "version": "18.2.7",
      "license": "MIT",
      "dependencies": {
        "@types/react": "*"
      }
    },
    "../../node_modules/.pnpm/@types+react@18.2.21/node_modules/@types/react": {
      "version": "18.2.21",
      "license": "MIT",
      "dependencies": {
        "@types/prop-types": "*",
        "@types/scheduler": "*",
        "csstype": "^3.0.2"
      }
    },
    "../../node_modules/.pnpm/@vercel+postgres@0.4.1/node_modules/@vercel/postgres": {
      "version": "0.4.1",
      "license": "Apache-2.0",
      "dependencies": {
        "@neondatabase/serverless": "0.5.6",
        "bufferutil": "4.0.7",
        "utf-8-validate": "6.0.3",
        "ws": "8.13.0"
      },
      "devDependencies": {
        "@changesets/cli": "2.26.2",
        "@edge-runtime/jest-environment": "2.2.5",
        "@edge-runtime/types": "2.1.5",
        "@types/jest": "29.5.3",
        "@types/node": "18.17.0",
        "@types/ws": "8.5.5",
        "eslint": "8.45.0",
        "eslint-config-custom": "0.0.0",
        "jest": "29.6.1",
        "prettier": "2.8.8",
        "ts-jest": "29.1.1",
        "tsconfig": "0.0.0",
        "tsup": "7.1.0",
        "typescript": "5.1.6"
      },
      "engines": {
        "node": ">=14.6"
      }
    },
    "../../node_modules/.pnpm/autoprefixer@10.4.15_postcss@8.4.28/node_modules/autoprefixer": {
      "version": "10.4.15",
      "funding": [
        {
          "type": "opencollective",
          "url": "https://opencollective.com/postcss/"
        },
        {
          "type": "tidelift",
          "url": "https://tidelift.com/funding/github/npm/autoprefixer"
        },
        {
          "type": "github",
          "url": "https://github.com/sponsors/ai"
        }
      ],
      "license": "MIT",
      "dependencies": {
        "browserslist": "^4.21.10",
        "caniuse-lite": "^1.0.30001520",
        "fraction.js": "^4.2.0",
        "normalize-range": "^0.1.2",
        "picocolors": "^1.0.0",
        "postcss-value-parser": "^4.2.0"
      },
      "bin": {
        "autoprefixer": "bin/autoprefixer"
      },
      "engines": {
        "node": "^10 || ^12 || >=14"
      },
      "peerDependencies": {
        "postcss": "^8.1.0"
      }
    },
    "../../node_modules/.pnpm/bcrypt@5.1.1/node_modules/bcrypt": {
      "version": "5.1.1",
      "hasInstallScript": true,
      "license": "MIT",
      "dependencies": {
        "@mapbox/node-pre-gyp": "^1.0.11",
        "node-addon-api": "^5.0.0"
      },
      "devDependencies": {
        "jest": "^29.6.2"
      },
      "engines": {
        "node": ">= 10.0.0"
      }
    },
    "../../node_modules/.pnpm/clsx@2.0.0/node_modules/clsx": {
      "version": "2.0.0",
      "license": "MIT",
      "devDependencies": {
        "esm": "3.2.25",
        "terser": "4.8.0",
        "uvu": "0.5.4"
      },
      "engines": {
        "node": ">=6"
      }
    },
    "../../node_modules/.pnpm/dotenv@16.3.1/node_modules/dotenv": {
      "version": "16.3.1",
      "dev": true,
      "license": "BSD-2-Clause",
      "devDependencies": {
        "@definitelytyped/dtslint": "^0.0.133",
        "@types/node": "^18.11.3",
        "decache": "^4.6.1",
        "sinon": "^14.0.1",
        "standard": "^17.0.0",
        "standard-markdown": "^7.1.0",
        "standard-version": "^9.5.0",
        "tap": "^16.3.0",
        "tar": "^6.1.11",
        "typescript": "^4.8.4"
      },
      "engines": {
        "node": ">=12"
      },
      "funding": {
        "url": "https://github.com/motdotla/dotenv?sponsor=1"
      }
    },
    "../../node_modules/.pnpm/next-auth@4.23.1_next@13.4.19_react-dom@18.2.0_react@18.2.0/node_modules/next-auth": {
      "version": "4.23.1",
      "license": "ISC",
      "dependencies": {
        "@babel/runtime": "^7.20.13",
        "@panva/hkdf": "^1.0.2",
        "cookie": "^0.5.0",
        "jose": "^4.11.4",
        "oauth": "^0.9.15",
        "openid-client": "^5.4.0",
        "preact": "^10.6.3",
        "preact-render-to-string": "^5.1.19",
        "uuid": "^8.3.2"
      },
      "devDependencies": {
        "@babel/cli": "^7.17.10",
        "@babel/core": "^7.18.2",
        "@babel/plugin-proposal-optional-catch-binding": "^7.16.7",
        "@babel/plugin-transform-runtime": "^7.18.2",
        "@babel/preset-env": "^7.18.2",
        "@babel/preset-react": "^7.17.12",
        "@babel/preset-typescript": "^7.17.12",
        "@edge-runtime/jest-environment": "1.1.0-beta.35",
        "@next-auth/tsconfig": "workspace:*",
        "@swc/core": "^1.2.198",
        "@swc/jest": "^0.2.21",
        "@testing-library/dom": "^8.13.0",
        "@testing-library/jest-dom": "^5.16.4",
        "@testing-library/react": "^13.3.0",
        "@testing-library/react-hooks": "^8.0.0",
        "@testing-library/user-event": "^14.2.0",
        "@types/jest": "^28.1.3",
        "@types/node": "^17.0.42",
        "@types/nodemailer": "^6.4.4",
        "@types/oauth": "^0.9.1",
        "@types/react": "18.0.37",
        "@types/react-dom": "^18.0.6",
        "autoprefixer": "^10.4.7",
        "babel-plugin-jsx-pragmatic": "^1.0.2",
        "babel-preset-preact": "^2.0.0",
        "concurrently": "^7",
        "cssnano": "^5.1.11",
        "jest": "^28.1.1",
        "jest-environment-jsdom": "^28.1.1",
        "jest-watch-typeahead": "^1.1.0",
        "msw": "^0.42.3",
        "next": "13.3.0",
        "postcss": "^8.4.14",
        "postcss-cli": "^9.1.0",
        "postcss-nested": "^5.0.6",
        "react": "^18",
        "react-dom": "^18",
        "whatwg-fetch": "^3.6.2"
      },
      "peerDependencies": {
        "next": "^12.2.5 || ^13",
        "nodemailer": "^6.6.5",
        "react": "^17.0.2 || ^18",
        "react-dom": "^17.0.2 || ^18"
      },
      "peerDependenciesMeta": {
        "nodemailer": {
          "optional": true
        }
      }
    },
    "../../node_modules/.pnpm/next@13.4.19_@babel+core@7.22.15_react-dom@18.2.0_react@18.2.0/node_modules/next": {
      "version": "13.4.19",
      "license": "MIT",
      "dependencies": {
        "@next/env": "13.4.19",
        "@swc/helpers": "0.5.1",
        "busboy": "1.6.0",
        "caniuse-lite": "^1.0.30001406",
        "postcss": "8.4.14",
        "styled-jsx": "5.1.1",
        "watchpack": "2.4.0",
        "zod": "3.21.4"
      },
      "bin": {
        "next": "dist/bin/next"
      },
      "devDependencies": {
        "@ampproject/toolbox-optimizer": "2.8.3",
        "@babel/code-frame": "7.12.11",
        "@babel/core": "7.18.0",
        "@babel/eslint-parser": "7.18.2",
        "@babel/generator": "7.18.0",
        "@babel/plugin-proposal-class-properties": "7.14.5",
        "@babel/plugin-proposal-export-namespace-from": "7.14.5",
        "@babel/plugin-proposal-numeric-separator": "7.14.5",
        "@babel/plugin-proposal-object-rest-spread": "7.14.7",
        "@babel/plugin-syntax-bigint": "7.8.3",
        "@babel/plugin-syntax-dynamic-import": "7.8.3",
        "@babel/plugin-syntax-import-assertions": "7.16.7",
        "@babel/plugin-syntax-jsx": "7.14.5",
        "@babel/plugin-transform-modules-commonjs": "7.18.0",
        "@babel/plugin-transform-runtime": "7.18.0",
        "@babel/preset-env": "7.18.0",
        "@babel/preset-react": "7.14.5",
        "@babel/preset-typescript": "7.17.12",
        "@babel/runtime": "7.15.4",
        "@babel/traverse": "7.18.0",
        "@babel/types": "7.18.0",
        "@capsizecss/metrics": "1.1.0",
        "@edge-runtime/cookies": "3.3.0",
        "@edge-runtime/ponyfill": "2.3.0",
        "@edge-runtime/primitives": "3.0.4",
        "@hapi/accept": "5.0.2",
        "@jest/transform": "29.5.0",
        "@jest/types": "29.5.0",
        "@mswjs/interceptors": "0.23.0",
        "@napi-rs/cli": "2.16.2",
        "@napi-rs/triples": "1.1.0",
        "@next/polyfill-module": "13.4.19",
        "@next/polyfill-nomodule": "13.4.19",
        "@next/react-dev-overlay": "13.4.19",
        "@next/react-refresh-utils": "13.4.19",
        "@next/swc": "13.4.19",
        "@opentelemetry/api": "1.4.1",
        "@playwright/test": "^1.35.1",
        "@segment/ajv-human-errors": "2.1.2",
        "@taskr/clear": "1.1.0",
        "@taskr/esnext": "1.1.0",
        "@types/amphtml-validator": "1.0.0",
        "@types/babel__code-frame": "7.0.2",
        "@types/babel__core": "7.1.12",
        "@types/babel__generator": "7.6.2",
        "@types/babel__template": "7.4.0",
        "@types/babel__traverse": "7.11.0",
        "@types/bytes": "3.1.1",
        "@types/ci-info": "2.0.0",
        "@types/compression": "0.0.36",
        "@types/content-disposition": "0.5.4",
        "@types/content-type": "1.1.3",
        "@types/cookie": "0.3.3",
        "@types/cross-spawn": "6.0.0",
        "@types/debug": "4.1.5",
        "@types/express-serve-static-core": "4.17.33",
        "@types/fresh": "0.5.0",
        "@types/glob": "7.1.1",
        "@types/jsonwebtoken": "9.0.0",
        "@types/lodash": "4.14.149",
        "@types/lodash.curry": "4.1.6",
        "@types/lru-cache": "5.1.0",
        "@types/micromatch": "4.0.2",
        "@types/path-to-regexp": "1.7.0",
        "@types/platform": "1.3.4",
        "@types/react": "18.2.5",
        "@types/react-dom": "18.2.3",
        "@types/react-is": "17.0.3",
        "@types/semver": "7.3.1",
        "@types/send": "0.14.4",
        "@types/shell-quote": "1.7.1",
        "@types/tar": "6.1.5",
        "@types/text-table": "0.2.1",
        "@types/ua-parser-js": "0.7.36",
        "@types/uuid": "8.3.1",
        "@types/webpack-sources1": "npm:@types/webpack-sources@0.1.5",
        "@types/ws": "8.2.0",
        "@vercel/ncc": "0.34.0",
        "@vercel/nft": "0.22.6",
        "acorn": "8.5.0",
        "ajv": "8.11.0",
        "amphtml-validator": "1.0.35",
        "anser": "1.4.9",
        "arg": "4.1.0",
        "assert": "2.0.0",
        "async-retry": "1.2.3",
        "async-sema": "3.0.0",
        "babel-plugin-transform-define": "2.0.0",
        "babel-plugin-transform-react-remove-prop-types": "0.4.24",
        "browserify-zlib": "0.2.0",
        "browserslist": "4.20.2",
        "buffer": "5.6.0",
        "bytes": "3.1.1",
        "chalk": "2.4.2",
        "ci-info": "watson/ci-info#f43f6a1cefff47fb361c88cf4b943fdbcaafe540",
        "cli-select": "1.1.2",
        "client-only": "0.0.1",
        "comment-json": "3.0.3",
        "compression": "1.7.4",
        "conf": "5.0.0",
        "constants-browserify": "1.0.0",
        "content-disposition": "0.5.3",
        "content-type": "1.0.4",
        "cookie": "0.4.1",
        "cross-spawn": "7.0.3",
        "crypto-browserify": "3.12.0",
        "css.escape": "1.5.1",
        "cssnano-preset-default": "5.2.14",
        "data-uri-to-buffer": "3.0.1",
        "debug": "4.1.1",
        "devalue": "2.0.1",
        "domain-browser": "4.19.0",
        "edge-runtime": "2.4.5",
        "events": "3.3.0",
        "find-cache-dir": "3.3.1",
        "find-up": "4.1.0",
        "fresh": "0.5.2",
        "get-orientation": "1.1.2",
        "glob": "7.1.7",
        "gzip-size": "5.1.1",
        "http-proxy": "1.18.1",
        "http-proxy-agent": "5.0.0",
        "https-browserify": "1.0.0",
        "https-proxy-agent": "5.0.1",
        "icss-utils": "5.1.0",
        "ignore-loader": "0.1.2",
        "image-size": "1.0.0",
        "is-docker": "2.0.0",
        "is-wsl": "2.2.0",
        "jest-docblock": "29.4.3",
        "jest-worker": "27.0.0-next.5",
        "json5": "2.2.3",
        "jsonwebtoken": "9.0.0",
        "loader-runner": "4.3.0",
        "loader-utils2": "npm:loader-utils@2.0.0",
        "loader-utils3": "npm:loader-utils@3.1.3",
        "lodash.curry": "4.1.1",
        "lru-cache": "5.1.1",
        "micromatch": "4.0.4",
        "mini-css-extract-plugin": "2.4.3",
        "msw": "^1.2.2",
        "nanoid": "3.1.32",
        "native-url": "0.3.4",
        "neo-async": "2.6.1",
        "node-html-parser": "5.3.3",
        "ora": "4.0.4",
        "os-browserify": "0.3.0",
        "p-limit": "3.1.0",
        "path-browserify": "1.0.1",
        "path-to-regexp": "6.1.0",
        "platform": "1.3.6",
        "postcss-flexbugs-fixes": "5.0.2",
        "postcss-modules-extract-imports": "3.0.0",
        "postcss-modules-local-by-default": "4.0.0",
        "postcss-modules-scope": "3.0.0",
        "postcss-modules-values": "4.0.0",
        "postcss-preset-env": "7.4.3",
        "postcss-safe-parser": "6.0.0",
        "postcss-scss": "4.0.3",
        "postcss-value-parser": "4.2.0",
        "process": "0.11.10",
        "punycode": "2.1.1",
        "querystring-es3": "0.2.1",
        "raw-body": "2.4.1",
        "react-is": "18.2.0",
        "react-refresh": "0.12.0",
        "regenerator-runtime": "0.13.4",
        "sass-loader": "12.4.0",
        "schema-utils2": "npm:schema-utils@2.7.1",
        "schema-utils3": "npm:schema-utils@3.0.0",
        "semver": "7.3.2",
        "send": "0.17.1",
        "server-only": "0.0.1",
        "setimmediate": "1.0.5",
        "shell-quote": "1.7.3",
        "source-map": "0.6.1",
        "stacktrace-parser": "0.1.10",
        "stream-browserify": "3.0.0",
        "stream-http": "3.1.1",
        "strict-event-emitter": "0.5.0",
        "string_decoder": "1.3.0",
        "string-hash": "1.1.3",
        "strip-ansi": "6.0.0",
        "tar": "6.1.15",
        "taskr": "1.1.0",
        "terser": "5.14.1",
        "text-table": "0.2.0",
        "timers-browserify": "2.0.12",
        "tty-browserify": "0.0.1",
        "ua-parser-js": "0.7.28",
        "undici": "5.22.0",
        "unistore": "3.4.1",
        "util": "0.12.4",
        "uuid": "8.3.2",
        "vm-browserify": "1.1.2",
        "watchpack": "2.4.0",
        "web-vitals": "3.0.0",
        "webpack": "5.86.0",
        "webpack-sources1": "npm:webpack-sources@1.4.3",
        "webpack-sources3": "npm:webpack-sources@3.2.3",
        "ws": "8.2.3"
      },
      "engines": {
        "node": ">=16.8.0"
      },
      "optionalDependencies": {
        "@next/swc-darwin-arm64": "13.4.19",
        "@next/swc-darwin-x64": "13.4.19",
        "@next/swc-linux-arm64-gnu": "13.4.19",
        "@next/swc-linux-arm64-musl": "13.4.19",
        "@next/swc-linux-x64-gnu": "13.4.19",
        "@next/swc-linux-x64-musl": "13.4.19",
        "@next/swc-win32-arm64-msvc": "13.4.19",
        "@next/swc-win32-ia32-msvc": "13.4.19",
        "@next/swc-win32-x64-msvc": "13.4.19"
      },
      "peerDependencies": {
        "@opentelemetry/api": "^1.1.0",
        "react": "^18.2.0",
        "react-dom": "^18.2.0",
        "sass": "^1.3.0"
      },
      "peerDependenciesMeta": {
        "@opentelemetry/api": {
          "optional": true
        },
        "sass": {
          "optional": true
        }
      }
    },
    "../../node_modules/.pnpm/postcss@8.4.28/node_modules/postcss": {
      "version": "8.4.28",
      "funding": [
        {
          "type": "opencollective",
          "url": "https://opencollective.com/postcss/"
        },
        {
          "type": "tidelift",
          "url": "https://tidelift.com/funding/github/npm/postcss"
        },
        {
          "type": "github",
          "url": "https://github.com/sponsors/ai"
        }
      ],
      "license": "MIT",
      "dependencies": {
        "nanoid": "^3.3.6",
        "picocolors": "^1.0.0",
        "source-map-js": "^1.0.2"
      },
      "engines": {
        "node": "^10 || ^12 || >=14"
      }
    },
    "../../node_modules/.pnpm/react-dom@18.2.0_react@18.2.0/node_modules/react-dom": {
      "version": "18.2.0",
      "license": "MIT",
      "dependencies": {
        "loose-envify": "^1.1.0",
        "scheduler": "^0.23.0"
      },
      "peerDependencies": {
        "react": "^18.2.0"
      }
    },
    "../../node_modules/.pnpm/react@18.2.0/node_modules/react": {
      "version": "18.2.0",
      "license": "MIT",
      "dependencies": {
        "loose-envify": "^1.1.0"
      },
      "engines": {
        "node": ">=0.10.0"
      }
    },
    "../../node_modules/.pnpm/tailwindcss@3.3.3/node_modules/tailwindcss": {
      "version": "3.3.3",
      "license": "MIT",
      "dependencies": {
        "@alloc/quick-lru": "^5.2.0",
        "arg": "^5.0.2",
        "chokidar": "^3.5.3",
        "didyoumean": "^1.2.2",
        "dlv": "^1.1.3",
        "fast-glob": "^3.2.12",
        "glob-parent": "^6.0.2",
        "is-glob": "^4.0.3",
        "jiti": "^1.18.2",
        "lilconfig": "^2.1.0",
        "micromatch": "^4.0.5",
        "normalize-path": "^3.0.0",
        "object-hash": "^3.0.0",
        "picocolors": "^1.0.0",
        "postcss": "^8.4.23",
        "postcss-import": "^15.1.0",
        "postcss-js": "^4.0.1",
        "postcss-load-config": "^4.0.1",
        "postcss-nested": "^6.0.1",
        "postcss-selector-parser": "^6.0.11",
        "resolve": "^1.22.2",
        "sucrase": "^3.32.0"
      },
      "bin": {
        "tailwind": "lib/cli.js",
        "tailwindcss": "lib/cli.js"
      },
      "devDependencies": {
        "@swc/cli": "^0.1.62",
        "@swc/core": "^1.3.55",
        "@swc/jest": "^0.2.26",
        "@swc/register": "^0.1.10",
        "autoprefixer": "^10.4.14",
        "browserslist": "^4.21.5",
        "concurrently": "^8.0.1",
        "cssnano": "^6.0.0",
        "esbuild": "^0.17.18",
        "eslint": "^8.39.0",
        "eslint-config-prettier": "^8.8.0",
        "eslint-plugin-prettier": "^4.2.1",
        "jest": "^29.5.0",
        "jest-diff": "^29.5.0",
        "lightningcss": "1.18.0",
        "prettier": "^2.8.8",
        "rimraf": "^5.0.0",
        "source-map-js": "^1.0.2",
        "turbo": "^1.9.3"
      },
      "engines": {
        "node": ">=14.0.0"
      }
    },
    "../../node_modules/.pnpm/typescript@5.2.2/node_modules/typescript": {
      "version": "5.2.2",
      "license": "Apache-2.0",
      "bin": {
        "tsc": "bin/tsc",
        "tsserver": "bin/tsserver"
      },
      "devDependencies": {
        "@esfx/canceltoken": "^1.0.0",
        "@octokit/rest": "^19.0.13",
        "@types/chai": "^4.3.4",
        "@types/fs-extra": "^9.0.13",
        "@types/glob": "^8.1.0",
        "@types/microsoft__typescript-etw": "^0.1.1",
        "@types/minimist": "^1.2.2",
        "@types/mocha": "^10.0.1",
        "@types/ms": "^0.7.31",
        "@types/node": "latest",
        "@types/source-map-support": "^0.5.6",
        "@types/which": "^2.0.1",
        "@typescript-eslint/eslint-plugin": "^6.0.0",
        "@typescript-eslint/parser": "^6.0.0",
        "@typescript-eslint/utils": "^6.0.0",
        "azure-devops-node-api": "^12.0.0",
        "c8": "^7.14.0",
        "chai": "^4.3.7",
        "chalk": "^4.1.2",
        "chokidar": "^3.5.3",
        "del": "^6.1.1",
        "diff": "^5.1.0",
        "esbuild": "^0.18.1",
        "eslint": "^8.22.0",
        "eslint-formatter-autolinkable-stylish": "^1.2.0",
        "eslint-plugin-local": "^1.0.0",
        "eslint-plugin-no-null": "^1.0.2",
        "eslint-plugin-simple-import-sort": "^10.0.0",
        "fast-xml-parser": "^4.0.11",
        "fs-extra": "^9.1.0",
        "glob": "^8.1.0",
        "hereby": "^1.6.4",
        "jsonc-parser": "^3.2.0",
        "minimist": "^1.2.8",
        "mocha": "^10.2.0",
        "mocha-fivemat-progress-reporter": "^0.1.0",
        "ms": "^2.1.3",
        "node-fetch": "^3.2.10",
        "source-map-support": "^0.5.21",
        "tslib": "^2.5.0",
        "typescript": "^5.0.2",
        "which": "^2.0.2"
      },
      "engines": {
        "node": ">=14.17"
      }
    },
    "node_modules/@heroicons/react": {
      "resolved": "../../node_modules/.pnpm/@heroicons+react@2.0.18_react@18.2.0/node_modules/@heroicons/react",
      "link": true
    },
    "node_modules/@tailwindcss/forms": {
      "resolved": "../../node_modules/.pnpm/@tailwindcss+forms@0.5.6_tailwindcss@3.3.3/node_modules/@tailwindcss/forms",
      "link": true
    },
    "node_modules/@types/bcrypt": {
      "resolved": "../../node_modules/.pnpm/@types+bcrypt@5.0.0/node_modules/@types/bcrypt",
      "link": true
    },
    "node_modules/@types/node": {
      "resolved": "../../node_modules/.pnpm/@types+node@20.5.7/node_modules/@types/node",
      "link": true
    },
    "node_modules/@types/react": {
      "resolved": "../../node_modules/.pnpm/@types+react@18.2.21/node_modules/@types/react",
      "link": true
    },
    "node_modules/@types/react-dom": {
      "resolved": "../../node_modules/.pnpm/@types+react-dom@18.2.7/node_modules/@types/react-dom",
      "link": true
    },
    "node_modules/@vercel/postgres": {
      "resolved": "../../node_modules/.pnpm/@vercel+postgres@0.4.1/node_modules/@vercel/postgres",
      "link": true
    },
    "node_modules/autoprefixer": {
      "resolved": "../../node_modules/.pnpm/autoprefixer@10.4.15_postcss@8.4.28/node_modules/autoprefixer",
      "link": true
    },
    "node_modules/bcrypt": {
      "resolved": "../../node_modules/.pnpm/bcrypt@5.1.1/node_modules/bcrypt",
      "link": true
    },
    "node_modules/clsx": {
      "resolved": "../../node_modules/.pnpm/clsx@2.0.0/node_modules/clsx",
      "link": true
    },
    "node_modules/dotenv": {
      "resolved": "../../node_modules/.pnpm/dotenv@16.3.1/node_modules/dotenv",
      "link": true
    },
    "node_modules/next": {
      "resolved": "../../node_modules/.pnpm/next@13.4.19_@babel+core@7.22.15_react-dom@18.2.0_react@18.2.0/node_modules/next",
      "link": true
    },
    "node_modules/next-auth": {
      "resolved": "../../node_modules/.pnpm/next-auth@4.23.1_next@13.4.19_react-dom@18.2.0_react@18.2.0/node_modules/next-auth",
      "link": true
    },
    "node_modules/postcss": {
      "resolved": "../../node_modules/.pnpm/postcss@8.4.28/node_modules/postcss",
      "link": true
    },
    "node_modules/react": {
      "resolved": "../../node_modules/.pnpm/react@18.2.0/node_modules/react",
      "link": true
    },
    "node_modules/react-dom": {
      "resolved": "../../node_modules/.pnpm/react-dom@18.2.0_react@18.2.0/node_modules/react-dom",
      "link": true
    },
    "node_modules/tailwindcss": {
      "resolved": "../../node_modules/.pnpm/tailwindcss@3.3.3/node_modules/tailwindcss",
      "link": true
    },
    "node_modules/typescript": {
      "resolved": "../../node_modules/.pnpm/typescript@5.2.2/node_modules/typescript",
      "link": true
    }
  }
}
